{
  "requires": true,
  "lockfileVersion": 1,
  "dependencies": {
    "@glidejs/glide": {
      "version": "3.2.7",
      "resolved": "https://registry.npmjs.org/@glidejs/glide/-/glide-3.2.7.tgz",
      "integrity": "sha512-ufsSwK2gZUg+DePAe77RG9OYEW5scRHVNMimqahSxZu7SvMqAs1SFiB0+gln1BqEnaXXgjgoDhcjwA8eyleXDA=="
    }
  }
}
